
Microsoft Visual Studio Solution File, Format Version 12.00
# Visual Studio Version 17
VisualStudioVersion = 17.0.31903.59
MinimumVisualStudioVersion = 10.0.40219.1
Project("{2150E333-8FDC-42A3-9474-1A3956D46DE8}") = "OrderManagement", "OrderManagement", "{47671D30-31C9-4A11-B9D3-58E3C2FF7990}"
EndProject
Project("{9A19103F-16F7-4668-BE54-9A1E7A4F7556}") = "OrderManagement.Domain", "OrderManagement\Domain\OrderManagement.Domain.csproj", "{46306A5D-45D0-4F5A-85B6-D7E829E92198}"
EndProject
Project("{9A19103F-16F7-4668-BE54-9A1E7A4F7556}") = "OrderManagement.Application", "OrderManagement\Application\OrderManagement.Application.csproj", "{1E734E24-FD79-4723-B0D7-87F7C9FC646C}"
EndProject
Project("{9A19103F-16F7-4668-BE54-9A1E7A4F7556}") = "OrderManagement.Infrastructure", "OrderManagement\Infrastructure\OrderManagement.Infrastructure.csproj", "{BEE60EBA-4AF3-4211-BDD9-25F3C6E4956E}"
EndProject
Project("{9A19103F-16F7-4668-BE54-9A1E7A4F7556}") = "OrderManagement.API", "OrderManagement\API\OrderManagement.API.csproj", "{4F348793-8ED9-40AB-9EA5-02056343A715}"
EndProject
Project("{2150E333-8FDC-42A3-9474-1A3956D46DE8}") = "StockManagement", "StockManagement", "{D79A2F2F-AF7A-4203-BC3E-C9FB55430E0C}"
EndProject
Project("{9A19103F-16F7-4668-BE54-9A1E7A4F7556}") = "StockManagement.Domain", "StockManagement\Domain\StockManagement.Domain.csproj", "{78ACC75F-5F91-4EA9-A9DA-EA89BC2DC12E}"
EndProject
Project("{9A19103F-16F7-4668-BE54-9A1E7A4F7556}") = "StockManagement.Application", "StockManagement\Application\StockManagement.Application.csproj", "{CFCEF8C8-539C-44AE-B0B3-AF3A639349D7}"
EndProject
Project("{9A19103F-16F7-4668-BE54-9A1E7A4F7556}") = "StockManagement.Infrastructure", "StockManagement\Infrastructure\StockManagement.Infrastructure.csproj", "{C738A979-C7F2-4EC5-815A-96CD493F9D9D}"
EndProject
Project("{9A19103F-16F7-4668-BE54-9A1E7A4F7556}") = "StockManagement.API", "StockManagement\API\StockManagement.API.csproj", "{C743D1BA-F76D-48CC-AAE2-371878BF0F59}"
EndProject
Project("{2150E333-8FDC-42A3-9474-1A3956D46DE8}") = "UserManagement", "UserManagement", "{4ED6042D-31EE-4584-ABC3-08E4ED99EE35}"
EndProject
Project("{9A19103F-16F7-4668-BE54-9A1E7A4F7556}") = "UserManagement.Domain", "UserManagement\Domain\UserManagement.Domain.csproj", "{11E1E5C3-7927-4675-A9BE-D7CE5A40613D}"
EndProject
Project("{9A19103F-16F7-4668-BE54-9A1E7A4F7556}") = "UserManagement.Application", "UserManagement\Application\UserManagement.Application.csproj", "{92397F3C-7E08-4E5F-AE45-DCF0F1FAA639}"
EndProject
Project("{9A19103F-16F7-4668-BE54-9A1E7A4F7556}") = "UserManagement.Infrastructure", "UserManagement\Infrastructure\UserManagement.Infrastructure.csproj", "{EF3462B9-7B7C-4DE3-9839-F3EE2BD3E45C}"
EndProject
Project("{9A19103F-16F7-4668-BE54-9A1E7A4F7556}") = "UserManagement.API", "UserManagement\API\UserManagement.API.csproj", "{EEA6190A-5570-4A89-9F59-AB163A25AFE3}"
EndProject
Project("{9A19103F-16F7-4668-BE54-9A1E7A4F7556}") = "OrderManagementSystem.UI", "UI\OrderManagementSystem.UI.csproj", "{B89E0B70-2B48-4F20-8F13-24118677AC15}"
EndProject
Project("{2150E333-8FDC-42A3-9474-1A3956D46DE8}") = "SharedComponents", "SharedComponents", "{5F996295-AEC4-4A4E-A9EB-AC613454EFF9}"
EndProject
Project("{9A19103F-16F7-4668-BE54-9A1E7A4F7556}") = "SharedComponents.Domain", "SharedComponents\Domain\SharedComponents.Domain.csproj", "{B84FCF9F-A95E-431B-8A40-4A76285BDFBA}"
EndProject
Project("{9A19103F-16F7-4668-BE54-9A1E7A4F7556}") = "SharedComponents.Application", "SharedComponents\Application\SharedComponents.Application.csproj", "{A3406558-1FAF-4E00-9B7C-77FA33A8428E}"
EndProject
Project("{9A19103F-16F7-4668-BE54-9A1E7A4F7556}") = "SharedComponents.Infrastructure", "SharedComponents\Infrastructure\SharedComponents.Infrastructure.csproj", "{42D92897-1616-467E-96A8-2D3BBC5B0A88}"
EndProject
Project("{9A19103F-16F7-4668-BE54-9A1E7A4F7556}") = "SharedComponents.API", "SharedComponents\API\SharedComponents.API.csproj", "{0D1D5521-7ECD-4490-93D1-1DEA64BA7942}"
EndProject
Project("{9A19103F-16F7-4668-BE54-9A1E7A4F7556}") = "OrderManagement.Tests", "OrderManagement\Tests\OrderManagement.Tests.csproj", "{B3AA38C0-A123-4BD2-925B-566A3E7D6753}"
EndProject
Project("{9A19103F-16F7-4668-BE54-9A1E7A4F7556}") = "StockManagement.Tests", "StockManagement\Tests\StockManagement.Tests.csproj", "{D04804DB-2224-40D1-8C09-65DE2877AF6B}"
EndProject
Global
	GlobalSection(SolutionConfigurationPlatforms) = preSolution
		Debug|Any CPU = Debug|Any CPU
		Release|Any CPU = Release|Any CPU
	EndGlobalSection
	GlobalSection(ProjectConfigurationPlatforms) = postSolution
		{46306A5D-45D0-4F5A-85B6-D7E829E92198}.Debug|Any CPU.ActiveCfg = Debug|Any CPU
		{46306A5D-45D0-4F5A-85B6-D7E829E92198}.Debug|Any CPU.Build.0 = Debug|Any CPU
		{46306A5D-45D0-4F5A-85B6-D7E829E92198}.Release|Any CPU.ActiveCfg = Release|Any CPU
		{46306A5D-45D0-4F5A-85B6-D7E829E92198}.Release|Any CPU.Build.0 = Release|Any CPU
		{1E734E24-FD79-4723-B0D7-87F7C9FC646C}.Debug|Any CPU.ActiveCfg = Debug|Any CPU
		{1E734E24-FD79-4723-B0D7-87F7C9FC646C}.Debug|Any CPU.Build.0 = Debug|Any CPU
		{1E734E24-FD79-4723-B0D7-87F7C9FC646C}.Release|Any CPU.ActiveCfg = Release|Any CPU
		{1E734E24-FD79-4723-B0D7-87F7C9FC646C}.Release|Any CPU.Build.0 = Release|Any CPU
		{BEE60EBA-4AF3-4211-BDD9-25F3C6E4956E}.Debug|Any CPU.ActiveCfg = Debug|Any CPU
		{BEE60EBA-4AF3-4211-BDD9-25F3C6E4956E}.Debug|Any CPU.Build.0 = Debug|Any CPU
		{BEE60EBA-4AF3-4211-BDD9-25F3C6E4956E}.Release|Any CPU.ActiveCfg = Release|Any CPU
		{BEE60EBA-4AF3-4211-BDD9-25F3C6E4956E}.Release|Any CPU.Build.0 = Release|Any CPU
		{4F348793-8ED9-40AB-9EA5-02056343A715}.Debug|Any CPU.ActiveCfg = Debug|Any CPU
		{4F348793-8ED9-40AB-9EA5-02056343A715}.Debug|Any CPU.Build.0 = Debug|Any CPU
		{4F348793-8ED9-40AB-9EA5-02056343A715}.Release|Any CPU.ActiveCfg = Release|Any CPU
		{4F348793-8ED9-40AB-9EA5-02056343A715}.Release|Any CPU.Build.0 = Release|Any CPU
		{78ACC75F-5F91-4EA9-A9DA-EA89BC2DC12E}.Debug|Any CPU.ActiveCfg = Debug|Any CPU
		{78ACC75F-5F91-4EA9-A9DA-EA89BC2DC12E}.Debug|Any CPU.Build.0 = Debug|Any CPU
		{78ACC75F-5F91-4EA9-A9DA-EA89BC2DC12E}.Release|Any CPU.ActiveCfg = Release|Any CPU
		{78ACC75F-5F91-4EA9-A9DA-EA89BC2DC12E}.Release|Any CPU.Build.0 = Release|Any CPU
		{CFCEF8C8-539C-44AE-B0B3-AF3A639349D7}.Debug|Any CPU.ActiveCfg = Debug|Any CPU
		{CFCEF8C8-539C-44AE-B0B3-AF3A639349D7}.Debug|Any CPU.Build.0 = Debug|Any CPU
		{CFCEF8C8-539C-44AE-B0B3-AF3A639349D7}.Release|Any CPU.ActiveCfg = Release|Any CPU
		{CFCEF8C8-539C-44AE-B0B3-AF3A639349D7}.Release|Any CPU.Build.0 = Release|Any CPU
		{C738A979-C7F2-4EC5-815A-96CD493F9D9D}.Debug|Any CPU.ActiveCfg = Debug|Any CPU
		{C738A979-C7F2-4EC5-815A-96CD493F9D9D}.Debug|Any CPU.Build.0 = Debug|Any CPU
		{C738A979-C7F2-4EC5-815A-96CD493F9D9D}.Release|Any CPU.ActiveCfg = Release|Any CPU
		{C738A979-C7F2-4EC5-815A-96CD493F9D9D}.Release|Any CPU.Build.0 = Release|Any CPU
		{C743D1BA-F76D-48CC-AAE2-371878BF0F59}.Debug|Any CPU.ActiveCfg = Debug|Any CPU
		{C743D1BA-F76D-48CC-AAE2-371878BF0F59}.Debug|Any CPU.Build.0 = Debug|Any CPU
		{C743D1BA-F76D-48CC-AAE2-371878BF0F59}.Release|Any CPU.ActiveCfg = Release|Any CPU
		{C743D1BA-F76D-48CC-AAE2-371878BF0F59}.Release|Any CPU.Build.0 = Release|Any CPU
		{11E1E5C3-7927-4675-A9BE-D7CE5A40613D}.Debug|Any CPU.ActiveCfg = Debug|Any CPU
		{11E1E5C3-7927-4675-A9BE-D7CE5A40613D}.Debug|Any CPU.Build.0 = Debug|Any CPU
		{11E1E5C3-7927-4675-A9BE-D7CE5A40613D}.Release|Any CPU.ActiveCfg = Release|Any CPU
		{11E1E5C3-7927-4675-A9BE-D7CE5A40613D}.Release|Any CPU.Build.0 = Release|Any CPU
		{92397F3C-7E08-4E5F-AE45-DCF0F1FAA639}.Debug|Any CPU.ActiveCfg = Debug|Any CPU
		{92397F3C-7E08-4E5F-AE45-DCF0F1FAA639}.Debug|Any CPU.Build.0 = Debug|Any CPU
		{92397F3C-7E08-4E5F-AE45-DCF0F1FAA639}.Release|Any CPU.ActiveCfg = Release|Any CPU
		{92397F3C-7E08-4E5F-AE45-DCF0F1FAA639}.Release|Any CPU.Build.0 = Release|Any CPU
		{EF3462B9-7B7C-4DE3-9839-F3EE2BD3E45C}.Debug|Any CPU.ActiveCfg = Debug|Any CPU
		{EF3462B9-7B7C-4DE3-9839-F3EE2BD3E45C}.Debug|Any CPU.Build.0 = Debug|Any CPU
		{EF3462B9-7B7C-4DE3-9839-F3EE2BD3E45C}.Release|Any CPU.ActiveCfg = Release|Any CPU
		{EF3462B9-7B7C-4DE3-9839-F3EE2BD3E45C}.Release|Any CPU.Build.0 = Release|Any CPU
		{EEA6190A-5570-4A89-9F59-AB163A25AFE3}.Debug|Any CPU.ActiveCfg = Debug|Any CPU
		{EEA6190A-5570-4A89-9F59-AB163A25AFE3}.Debug|Any CPU.Build.0 = Debug|Any CPU
		{EEA6190A-5570-4A89-9F59-AB163A25AFE3}.Release|Any CPU.ActiveCfg = Release|Any CPU
		{EEA6190A-5570-4A89-9F59-AB163A25AFE3}.Release|Any CPU.Build.0 = Release|Any CPU
		{B89E0B70-2B48-4F20-8F13-24118677AC15}.Debug|Any CPU.ActiveCfg = Debug|Any CPU
		{B89E0B70-2B48-4F20-8F13-24118677AC15}.Debug|Any CPU.Build.0 = Debug|Any CPU
		{B89E0B70-2B48-4F20-8F13-24118677AC15}.Release|Any CPU.ActiveCfg = Release|Any CPU
		{B89E0B70-2B48-4F20-8F13-24118677AC15}.Release|Any CPU.Build.0 = Release|Any CPU
		{B84FCF9F-A95E-431B-8A40-4A76285BDFBA}.Debug|Any CPU.ActiveCfg = Debug|Any CPU
		{B84FCF9F-A95E-431B-8A40-4A76285BDFBA}.Debug|Any CPU.Build.0 = Debug|Any CPU
		{B84FCF9F-A95E-431B-8A40-4A76285BDFBA}.Release|Any CPU.ActiveCfg = Release|Any CPU
		{B84FCF9F-A95E-431B-8A40-4A76285BDFBA}.Release|Any CPU.Build.0 = Release|Any CPU
		{A3406558-1FAF-4E00-9B7C-77FA33A8428E}.Debug|Any CPU.ActiveCfg = Debug|Any CPU
		{A3406558-1FAF-4E00-9B7C-77FA33A8428E}.Debug|Any CPU.Build.0 = Debug|Any CPU
		{A3406558-1FAF-4E00-9B7C-77FA33A8428E}.Release|Any CPU.ActiveCfg = Release|Any CPU
		{A3406558-1FAF-4E00-9B7C-77FA33A8428E}.Release|Any CPU.Build.0 = Release|Any CPU
		{42D92897-1616-467E-96A8-2D3BBC5B0A88}.Debug|Any CPU.ActiveCfg = Debug|Any CPU
		{42D92897-1616-467E-96A8-2D3BBC5B0A88}.Debug|Any CPU.Build.0 = Debug|Any CPU
		{42D92897-1616-467E-96A8-2D3BBC5B0A88}.Release|Any CPU.ActiveCfg = Release|Any CPU
		{42D92897-1616-467E-96A8-2D3BBC5B0A88}.Release|Any CPU.Build.0 = Release|Any CPU
		{0D1D5521-7ECD-4490-93D1-1DEA64BA7942}.Debug|Any CPU.ActiveCfg = Debug|Any CPU
		{0D1D5521-7ECD-4490-93D1-1DEA64BA7942}.Debug|Any CPU.Build.0 = Debug|Any CPU
		{0D1D5521-7ECD-4490-93D1-1DEA64BA7942}.Release|Any CPU.ActiveCfg = Release|Any CPU
		{0D1D5521-7ECD-4490-93D1-1DEA64BA7942}.Release|Any CPU.Build.0 = Release|Any CPU
		{B3AA38C0-A123-4BD2-925B-566A3E7D6753}.Debug|Any CPU.ActiveCfg = Debug|Any CPU
		{B3AA38C0-A123-4BD2-925B-566A3E7D6753}.Debug|Any CPU.Build.0 = Debug|Any CPU
		{B3AA38C0-A123-4BD2-925B-566A3E7D6753}.Release|Any CPU.ActiveCfg = Release|Any CPU
		{B3AA38C0-A123-4BD2-925B-566A3E7D6753}.Release|Any CPU.Build.0 = Release|Any CPU
		{D04804DB-2224-40D1-8C09-65DE2877AF6B}.Debug|Any CPU.ActiveCfg = Debug|Any CPU
		{D04804DB-2224-40D1-8C09-65DE2877AF6B}.Debug|Any CPU.Build.0 = Debug|Any CPU
		{D04804DB-2224-40D1-8C09-65DE2877AF6B}.Release|Any CPU.ActiveCfg = Release|Any CPU
		{D04804DB-2224-40D1-8C09-65DE2877AF6B}.Release|Any CPU.Build.0 = Release|Any CPU
	EndGlobalSection
	GlobalSection(SolutionProperties) = preSolution
		HideSolutionNode = FALSE
	EndGlobalSection
	GlobalSection(NestedProjects) = preSolution
		{46306A5D-45D0-4F5A-85B6-D7E829E92198} = {47671D30-31C9-4A11-B9D3-58E3C2FF7990}
		{1E734E24-FD79-4723-B0D7-87F7C9FC646C} = {47671D30-31C9-4A11-B9D3-58E3C2FF7990}
		{BEE60EBA-4AF3-4211-BDD9-25F3C6E4956E} = {47671D30-31C9-4A11-B9D3-58E3C2FF7990}
		{4F348793-8ED9-40AB-9EA5-02056343A715} = {47671D30-31C9-4A11-B9D3-58E3C2FF7990}
		{78ACC75F-5F91-4EA9-A9DA-EA89BC2DC12E} = {D79A2F2F-AF7A-4203-BC3E-C9FB55430E0C}
		{CFCEF8C8-539C-44AE-B0B3-AF3A639349D7} = {D79A2F2F-AF7A-4203-BC3E-C9FB55430E0C}
		{C738A979-C7F2-4EC5-815A-96CD493F9D9D} = {D79A2F2F-AF7A-4203-BC3E-C9FB55430E0C}
		{C743D1BA-F76D-48CC-AAE2-371878BF0F59} = {D79A2F2F-AF7A-4203-BC3E-C9FB55430E0C}
		{11E1E5C3-7927-4675-A9BE-D7CE5A40613D} = {4ED6042D-31EE-4584-ABC3-08E4ED99EE35}
		{92397F3C-7E08-4E5F-AE45-DCF0F1FAA639} = {4ED6042D-31EE-4584-ABC3-08E4ED99EE35}
		{EF3462B9-7B7C-4DE3-9839-F3EE2BD3E45C} = {4ED6042D-31EE-4584-ABC3-08E4ED99EE35}
		{EEA6190A-5570-4A89-9F59-AB163A25AFE3} = {4ED6042D-31EE-4584-ABC3-08E4ED99EE35}
		{B84FCF9F-A95E-431B-8A40-4A76285BDFBA} = {5F996295-AEC4-4A4E-A9EB-AC613454EFF9}
		{A3406558-1FAF-4E00-9B7C-77FA33A8428E} = {5F996295-AEC4-4A4E-A9EB-AC613454EFF9}
		{42D92897-1616-467E-96A8-2D3BBC5B0A88} = {5F996295-AEC4-4A4E-A9EB-AC613454EFF9}
		{0D1D5521-7ECD-4490-93D1-1DEA64BA7942} = {5F996295-AEC4-4A4E-A9EB-AC613454EFF9}
		{B3AA38C0-A123-4BD2-925B-566A3E7D6753} = {47671D30-31C9-4A11-B9D3-58E3C2FF7990}
		{D04804DB-2224-40D1-8C09-65DE2877AF6B} = {D79A2F2F-AF7A-4203-BC3E-C9FB55430E0C}
	EndGlobalSection
EndGlobal
